
Microsoft Visual Studio Solution File, Format Version 12.00
# Visual Studio Version 16
VisualStudioVersion = 16.0.31005.135
MinimumVisualStudioVersion = 10.0.40219.1
Project("{9A19103F-16F7-4668-BE54-9A1E7A4F7556}") = "DataAccess", "DataAccess\DataAccess.csproj", "{B7C32FA5-ADAE-49B0-A1B7-F698A7DFAF1D}"
EndProject
Project("{9A19103F-16F7-4668-BE54-9A1E7A4F7556}") = "Business", "Business\Business.csproj", "{D71203C5-E3D4-41F7-A834-766FE810A464}"
EndProject
Project("{9A19103F-16F7-4668-BE54-9A1E7A4F7556}") = "Entities", "Entities\Entities.csproj", "{00730C2B-77C4-488E-8A69-72398A798B33}"
EndProject
Project("{9A19103F-16F7-4668-BE54-9A1E7A4F7556}") = "ConsoleUI", "ConsoleUI\ConsoleUI.csproj", "{4E357F01-2A84-485B-922B-46F67C75A9D0}"
EndProject
Project("{9A19103F-16F7-4668-BE54-9A1E7A4F7556}") = "Core", "Core\Core.csproj", "{4050E671-711A-42C8-A362-871895774DA4}"
EndProject
Project("{FAE04EC0-301F-11D3-BF4B-00C04F79EFBC}") = "WebAPI", "WebAPI\WebAPI.csproj", "{D1B5C640-46D7-4A9F-B824-31C4B866906F}"
EndProject
Global
	GlobalSection(SolutionConfigurationPlatforms) = preSolution
		Debug|Any CPU = Debug|Any CPU
		Release|Any CPU = Release|Any CPU
	EndGlobalSection
	GlobalSection(ProjectConfigurationPlatforms) = postSolution
		{B7C32FA5-ADAE-49B0-A1B7-F698A7DFAF1D}.Debug|Any CPU.ActiveCfg = Debug|Any CPU
		{B7C32FA5-ADAE-49B0-A1B7-F698A7DFAF1D}.Debug|Any CPU.Build.0 = Debug|Any CPU
		{B7C32FA5-ADAE-49B0-A1B7-F698A7DFAF1D}.Release|Any CPU.ActiveCfg = Release|Any CPU
		{B7C32FA5-ADAE-49B0-A1B7-F698A7DFAF1D}.Release|Any CPU.Build.0 = Release|Any CPU
		{D71203C5-E3D4-41F7-A834-766FE810A464}.Debug|Any CPU.ActiveCfg = Debug|Any CPU
		{D71203C5-E3D4-41F7-A834-766FE810A464}.Debug|Any CPU.Build.0 = Debug|Any CPU
		{D71203C5-E3D4-41F7-A834-766FE810A464}.Release|Any CPU.ActiveCfg = Release|Any CPU
		{D71203C5-E3D4-41F7-A834-766FE810A464}.Release|Any CPU.Build.0 = Release|Any CPU
		{00730C2B-77C4-488E-8A69-72398A798B33}.Debug|Any CPU.ActiveCfg = Debug|Any CPU
		{00730C2B-77C4-488E-8A69-72398A798B33}.Debug|Any CPU.Build.0 = Debug|Any CPU
		{00730C2B-77C4-488E-8A69-72398A798B33}.Release|Any CPU.ActiveCfg = Release|Any CPU
		{00730C2B-77C4-488E-8A69-72398A798B33}.Release|Any CPU.Build.0 = Release|Any CPU
		{4E357F01-2A84-485B-922B-46F67C75A9D0}.Debug|Any CPU.ActiveCfg = Debug|Any CPU
		{4E357F01-2A84-485B-922B-46F67C75A9D0}.Debug|Any CPU.Build.0 = Debug|Any CPU
		{4E357F01-2A84-485B-922B-46F67C75A9D0}.Release|Any CPU.ActiveCfg = Release|Any CPU
		{4E357F01-2A84-485B-922B-46F67C75A9D0}.Release|Any CPU.Build.0 = Release|Any CPU
		{4050E671-711A-42C8-A362-871895774DA4}.Debug|Any CPU.ActiveCfg = Debug|Any CPU
		{4050E671-711A-42C8-A362-871895774DA4}.Debug|Any CPU.Build.0 = Debug|Any CPU
		{4050E671-711A-42C8-A362-871895774DA4}.Release|Any CPU.ActiveCfg = Release|Any CPU
		{4050E671-711A-42C8-A362-871895774DA4}.Release|Any CPU.Build.0 = Release|Any CPU
		{D1B5C640-46D7-4A9F-B824-31C4B866906F}.Debug|Any CPU.ActiveCfg = Debug|Any CPU
		{D1B5C640-46D7-4A9F-B824-31C4B866906F}.Debug|Any CPU.Build.0 = Debug|Any CPU
		{D1B5C640-46D7-4A9F-B824-31C4B866906F}.Release|Any CPU.ActiveCfg = Release|Any CPU
		{D1B5C640-46D7-4A9F-B824-31C4B866906F}.Release|Any CPU.Build.0 = Release|Any CPU
	EndGlobalSection
	GlobalSection(SolutionProperties) = preSolution
		HideSolutionNode = FALSE
	EndGlobalSection
	GlobalSection(ExtensibilityGlobals) = postSolution
		SolutionGuid = {AFC321E7-5498-4244-A904-9F946029D522}
	EndGlobalSection
EndGlobal
